{
  "name": "crossplatform-pdf-printer",
  "version": "1.0.0",
  "lockfileVersion": 3,
  "requires": true,
  "packages": {
    "": {
      "name": "crossplatform-pdf-printer",
      "version": "1.0.0",
      "license": "MIT",
      "dependencies": {
        "pdf-to-printer": "^5.7.0",
        "unix-print": "^1.3.2"
      }
    },
    "node_modules/pdf-to-printer": {
      "version": "5.7.0",
      "resolved": "https://registry.npmjs.org/pdf-to-printer/-/pdf-to-printer-5.7.0.tgz",
      "integrity": "sha512-CBZKTdKXjZ+ENiF6GcDUQVFq0pJOiM4LhP88XXN1rJ2lo5rEo6uPPYm8l010QYSapNEy33WYcJ+5lDy6d8mTEw==",
      "license": "MIT"
    },
    "node_modules/unix-print": {
      "version": "1.3.2",
      "resolved": "https://registry.npmjs.org/unix-print/-/unix-print-1.3.2.tgz",
      "integrity": "sha512-0ibC236YdguosxDVdSf28IKRalwiMipo7vOmQ3nKZcqjhr38OG+ELGyBWscCNbfZj5WLvwVD8rObNGK7hxftjQ==",
      "license": "MIT"
    }
  }
}
